<?xml version="1.0" encoding="utf-8"?>
<Project ToolsVersion="4.0" xmlns="http://schemas.microsoft.com/developer/msbuild/2003">
  <ItemGroup>
    <ClCompile Include="Source\SandboxApp.cpp" />
    <ClCompile Include="CollisionHandlingFunctions.cpp" />
  </ItemGroup>
  <ItemGroup>
    <Filter Include="AI">
      <UniqueIdentifier>{cac68615-fbc8-4c70-a59c-b5601731c561}</UniqueIdentifier>
    </Filter>
  </ItemGroup>
  <ItemGroup>
    <ClInclude Include="CollisionHandlingFunctions.h" />
  </ItemGroup>
</Project>