<?xml version="1.0" encoding="utf-8"?>
<Project ToolsVersion="4.0" xmlns="http://schemas.microsoft.com/developer/msbuild/2003">
  <ItemGroup>
    <Filter Include="Systems">
      <UniqueIdentifier>{1DDE831B-89BD-02B7-92D5-8D8DFE336918}</UniqueIdentifier>
    </Filter>
    <Filter Include="Systems\AI">
      <UniqueIdentifier>{96D56F8A-828D-B1D7-EB94-8A33D76B4CC8}</UniqueIdentifier>
    </Filter>
    <Filter Include="Systems\AI\ExitScene">
      <UniqueIdentifier>{8D78F671-7907-803B-2226-94360E9490E1}</UniqueIdentifier>
    </Filter>
    <Filter Include="Systems\CollisionHandler">
      <UniqueIdentifier>{F635BFC6-E25A-0E47-0BA6-F3D6F7290D65}</UniqueIdentifier>
    </Filter>
    <Filter Include="Systems\EnemySpawner">
      <UniqueIdentifier>{2AD34AD0-1662-D499-BF80-E894ABEEE43F}</UniqueIdentifier>
    </Filter>
  </ItemGroup>
  <ItemGroup>
    <ClInclude Include="Source\GameState.h" />
    <ClInclude Include="Source\Systems\AI\AITools.h">
      <Filter>Systems\AI</Filter>
    </ClInclude>
    <ClInclude Include="Source\Systems\AI\AI_State.h">
      <Filter>Systems\AI</Filter>
    </ClInclude>
    <ClInclude Include="Source\Systems\AI\AI_StateMachine.h">
      <Filter>Systems\AI</Filter>
    </ClInclude>
    <ClInclude Include="Source\Systems\AI\AI_Transition.h">
      <Filter>Systems\AI</Filter>
    </ClInclude>
    <ClInclude Include="Source\Systems\AI\ExitScene\ExitSceneCinematic.h">
      <Filter>Systems\AI\ExitScene</Filter>
    </ClInclude>
    <ClInclude Include="Source\Systems\AI\Waypoint.h">
      <Filter>Systems\AI</Filter>
    </ClInclude>
    <ClInclude Include="Source\Systems\AttackSystem.h">
      <Filter>Systems</Filter>
    </ClInclude>
    <ClInclude Include="Source\Systems\AudioSystem.h">
      <Filter>Systems</Filter>
    </ClInclude>
    <ClInclude Include="Source\Systems\CollisionHandler\CollisionHandlingFunctions.h">
      <Filter>Systems\CollisionHandler</Filter>
    </ClInclude>
    <ClInclude Include="Source\Systems\EnemySpawner\EnemyData.h">
      <Filter>Systems\EnemySpawner</Filter>
    </ClInclude>
    <ClInclude Include="Source\Systems\EnemySpawner\EnemySpawner.h">
      <Filter>Systems\EnemySpawner</Filter>
    </ClInclude>
    <ClInclude Include="Source\Systems\GCameraSystem.h">
      <Filter>Systems</Filter>
    </ClInclude>
    <ClInclude Include="Source\Systems\GUISystem.h">
      <Filter>Systems</Filter>
    </ClInclude>
    <ClInclude Include="Source\Systems\HealthSystem.h">
      <Filter>Systems</Filter>
    </ClInclude>
    <ClInclude Include="Source\Systems\LifespanSystem.h">
      <Filter>Systems</Filter>
    </ClInclude>
    <ClInclude Include="Source\Systems\Menus.h">
      <Filter>Systems</Filter>
    </ClInclude>
    <ClInclude Include="Source\Systems\MouseCalculation.h">
      <Filter>Systems</Filter>
    </ClInclude>
    <ClInclude Include="Source\Systems\RespawnSystem.h">
      <Filter>Systems</Filter>
    </ClInclude>
    <ClInclude Include="Source\Systems\UnitManager.h">
      <Filter>Systems</Filter>
    </ClInclude>
    <ClInclude Include="Source\Systems\UpgradeSystem.h">
      <Filter>Systems</Filter>
    </ClInclude>
    <ClInclude Include="Source\Systems\VFXSystem.h">
      <Filter>Systems</Filter>
    </ClInclude>
  </ItemGroup>
  <ItemGroup>
    <ClCompile Include="Source\GameState.cpp" />
    <ClCompile Include="Source\SandboxApp.cpp" />
    <ClCompile Include="Source\Systems\AI\AITools.cpp">
      <Filter>Systems\AI</Filter>
    </ClCompile>
    <ClCompile Include="Source\Systems\AI\AI_State.cpp">
      <Filter>Systems\AI</Filter>
    </ClCompile>
    <ClCompile Include="Source\Systems\AI\AI_StateMachine.cpp">
      <Filter>Systems\AI</Filter>
    </ClCompile>
    <ClCompile Include="Source\Systems\AI\ExitScene\ExitSceneCinematic.cpp">
      <Filter>Systems\AI\ExitScene</Filter>
    </ClCompile>
    <ClCompile Include="Source\Systems\AI\Waypoint.cpp">
      <Filter>Systems\AI</Filter>
    </ClCompile>
    <ClCompile Include="Source\Systems\AttackSystem.cpp">
      <Filter>Systems</Filter>
    </ClCompile>
    <ClCompile Include="Source\Systems\AudioSystem.cpp">
      <Filter>Systems</Filter>
    </ClCompile>
    <ClCompile Include="Source\Systems\CollisionHandler\CollisionHandlingFunctions.cpp">
      <Filter>Systems\CollisionHandler</Filter>
    </ClCompile>
    <ClCompile Include="Source\Systems\EnemySpawner\EnemySpawner.cpp">
      <Filter>Systems\EnemySpawner</Filter>
    </ClCompile>
    <ClCompile Include="Source\Systems\GCameraSystem.cpp">
      <Filter>Systems</Filter>
    </ClCompile>
    <ClCompile Include="Source\Systems\GUISystem.cpp">
      <Filter>Systems</Filter>
    </ClCompile>
    <ClCompile Include="Source\Systems\HealthSystem.cpp">
      <Filter>Systems</Filter>
    </ClCompile>
    <ClCompile Include="Source\Systems\LifespanSystem.cpp">
      <Filter>Systems</Filter>
    </ClCompile>
    <ClCompile Include="Source\Systems\Menus.cpp">
      <Filter>Systems</Filter>
    </ClCompile>
    <ClCompile Include="Source\Systems\MouseCalculation.cpp">
      <Filter>Systems</Filter>
    </ClCompile>
    <ClCompile Include="Source\Systems\RespawnSystem.cpp">
      <Filter>Systems</Filter>
    </ClCompile>
    <ClCompile Include="Source\Systems\UnitManager.cpp">
      <Filter>Systems</Filter>
    </ClCompile>
    <ClCompile Include="Source\Systems\UpgradeSystem.cpp">
      <Filter>Systems</Filter>
    </ClCompile>
    <ClCompile Include="Source\Systems\VFXSystem.cpp">
      <Filter>Systems</Filter>
    </ClCompile>
  </ItemGroup>
</Project>