
Microsoft Visual Studio Solution File, Format Version 11.00
# Visual Studio 15
Project("{8BC9CEB8-8B4A-11D0-8D11-00A0C91BC942}") = "3d", "3d.vcxproj", "{718B78F6-9C1A-4FA5-8731-F876C5880F2C}"
EndProject
Project("{8BC9CEB8-8B4A-11D0-8D11-00A0C91BC942}") = "3d_multi", "3d_multi.vcxproj", "{E3664944-362A-4913-8171-AF03F3F078F0}"
EndProject
Project("{8BC9CEB8-8B4A-11D0-8D11-00A0C91BC942}") = "event_parameter", "event_parameter.vcxproj", "{6FBC6AB5-CA67-462E-85DA-28E45FE3EF43}"
EndProject
Project("{8BC9CEB8-8B4A-11D0-8D11-00A0C91BC942}") = "load_banks", "load_banks.vcxproj", "{CA9867A0-0352-48B9-821F-C91A15492156}"
EndProject
Project("{8BC9CEB8-8B4A-11D0-8D11-00A0C91BC942}") = "music_callbacks", "music_callbacks.vcxproj", "{5BB64F2E-AB1E-4BAC-AFA4-3EC9CE8515A9}"
EndProject
Project("{8BC9CEB8-8B4A-11D0-8D11-00A0C91BC942}") = "objectpan", "objectpan.vcxproj", "{DBEEE213-59E9-4849-9586-CD7F91059722}"
EndProject
Project("{8BC9CEB8-8B4A-11D0-8D11-00A0C91BC942}") = "programmer_sound", "programmer_sound.vcxproj", "{CDD73625-77A8-42D9-ABCA-32951D9B7607}"
EndProject
Project("{8BC9CEB8-8B4A-11D0-8D11-00A0C91BC942}") = "recording_playback", "recording_playback.vcxproj", "{F1AA6784-BF89-4CEE-8E38-E2C46A4F358D}"
EndProject
Project("{8BC9CEB8-8B4A-11D0-8D11-00A0C91BC942}") = "simple_event", "simple_event.vcxproj", "{6B1C7D7E-AD04-449E-8E00-2A0E3F1CB333}"
EndProject
Global
	GlobalSection(SolutionConfigurationPlatforms) = preSolution
		Debug|Win32 = Debug|Win32
		Debug|x64 = Debug|x64
		Release|Win32 = Release|Win32
		Release|x64 = Release|x64
	EndGlobalSection
	GlobalSection(ProjectConfigurationPlatforms) = postSolution
		{718B78F6-9C1A-4FA5-8731-F876C5880F2C}.Debug|Win32.ActiveCfg = Debug|Win32
		{718B78F6-9C1A-4FA5-8731-F876C5880F2C}.Debug|Win32.Build.0 = Debug|Win32
		{718B78F6-9C1A-4FA5-8731-F876C5880F2C}.Debug|Win32.Deploy.0 = Debug|Win32
		{718B78F6-9C1A-4FA5-8731-F876C5880F2C}.Debug|x64.ActiveCfg = Debug|x64
		{718B78F6-9C1A-4FA5-8731-F876C5880F2C}.Debug|x64.Build.0 = Debug|x64
		{718B78F6-9C1A-4FA5-8731-F876C5880F2C}.Debug|x64.Deploy.0 = Debug|x64
		{718B78F6-9C1A-4FA5-8731-F876C5880F2C}.Release|Win32.ActiveCfg = Release|Win32
		{718B78F6-9C1A-4FA5-8731-F876C5880F2C}.Release|Win32.Build.0 = Release|Win32
		{718B78F6-9C1A-4FA5-8731-F876C5880F2C}.Release|Win32.Deploy.0 = Release|Win32
		{718B78F6-9C1A-4FA5-8731-F876C5880F2C}.Release|x64.ActiveCfg = Release|x64
		{718B78F6-9C1A-4FA5-8731-F876C5880F2C}.Release|x64.Build.0 = Release|x64
		{718B78F6-9C1A-4FA5-8731-F876C5880F2C}.Release|x64.Deploy.0 = Release|x64
		{E3664944-362A-4913-8171-AF03F3F078F0}.Debug|Win32.ActiveCfg = Debug|Win32
		{E3664944-362A-4913-8171-AF03F3F078F0}.Debug|Win32.Build.0 = Debug|Win32
		{E3664944-362A-4913-8171-AF03F3F078F0}.Debug|Win32.Deploy.0 = Debug|Win32
		{E3664944-362A-4913-8171-AF03F3F078F0}.Debug|x64.ActiveCfg = Debug|x64
		{E3664944-362A-4913-8171-AF03F3F078F0}.Debug|x64.Build.0 = Debug|x64
		{E3664944-362A-4913-8171-AF03F3F078F0}.Debug|x64.Deploy.0 = Debug|x64
		{E3664944-362A-4913-8171-AF03F3F078F0}.Release|Win32.ActiveCfg = Release|Win32
		{E3664944-362A-4913-8171-AF03F3F078F0}.Release|Win32.Build.0 = Release|Win32
		{E3664944-362A-4913-8171-AF03F3F078F0}.Release|Win32.Deploy.0 = Release|Win32
		{E3664944-362A-4913-8171-AF03F3F078F0}.Release|x64.ActiveCfg = Release|x64
		{E3664944-362A-4913-8171-AF03F3F078F0}.Release|x64.Build.0 = Release|x64
		{E3664944-362A-4913-8171-AF03F3F078F0}.Release|x64.Deploy.0 = Release|x64
		{6FBC6AB5-CA67-462E-85DA-28E45FE3EF43}.Debug|Win32.ActiveCfg = Debug|Win32
		{6FBC6AB5-CA67-462E-85DA-28E45FE3EF43}.Debug|Win32.Build.0 = Debug|Win32
		{6FBC6AB5-CA67-462E-85DA-28E45FE3EF43}.Debug|Win32.Deploy.0 = Debug|Win32
		{6FBC6AB5-CA67-462E-85DA-28E45FE3EF43}.Debug|x64.ActiveCfg = Debug|x64
		{6FBC6AB5-CA67-462E-85DA-28E45FE3EF43}.Debug|x64.Build.0 = Debug|x64
		{6FBC6AB5-CA67-462E-85DA-28E45FE3EF43}.Debug|x64.Deploy.0 = Debug|x64
		{6FBC6AB5-CA67-462E-85DA-28E45FE3EF43}.Release|Win32.ActiveCfg = Release|Win32
		{6FBC6AB5-CA67-462E-85DA-28E45FE3EF43}.Release|Win32.Build.0 = Release|Win32
		{6FBC6AB5-CA67-462E-85DA-28E45FE3EF43}.Release|Win32.Deploy.0 = Release|Win32
		{6FBC6AB5-CA67-462E-85DA-28E45FE3EF43}.Release|x64.ActiveCfg = Release|x64
		{6FBC6AB5-CA67-462E-85DA-28E45FE3EF43}.Release|x64.Build.0 = Release|x64
		{6FBC6AB5-CA67-462E-85DA-28E45FE3EF43}.Release|x64.Deploy.0 = Release|x64
		{CA9867A0-0352-48B9-821F-C91A15492156}.Debug|Win32.ActiveCfg = Debug|Win32
		{CA9867A0-0352-48B9-821F-C91A15492156}.Debug|Win32.Build.0 = Debug|Win32
		{CA9867A0-0352-48B9-821F-C91A15492156}.Debug|Win32.Deploy.0 = Debug|Win32
		{CA9867A0-0352-48B9-821F-C91A15492156}.Debug|x64.ActiveCfg = Debug|x64
		{CA9867A0-0352-48B9-821F-C91A15492156}.Debug|x64.Build.0 = Debug|x64
		{CA9867A0-0352-48B9-821F-C91A15492156}.Debug|x64.Deploy.0 = Debug|x64
		{CA9867A0-0352-48B9-821F-C91A15492156}.Release|Win32.ActiveCfg = Release|Win32
		{CA9867A0-0352-48B9-821F-C91A15492156}.Release|Win32.Build.0 = Release|Win32
		{CA9867A0-0352-48B9-821F-C91A15492156}.Release|Win32.Deploy.0 = Release|Win32
		{CA9867A0-0352-48B9-821F-C91A15492156}.Release|x64.ActiveCfg = Release|x64
		{CA9867A0-0352-48B9-821F-C91A15492156}.Release|x64.Build.0 = Release|x64
		{CA9867A0-0352-48B9-821F-C91A15492156}.Release|x64.Deploy.0 = Release|x64
		{5BB64F2E-AB1E-4BAC-AFA4-3EC9CE8515A9}.Debug|Win32.ActiveCfg = Debug|Win32
		{5BB64F2E-AB1E-4BAC-AFA4-3EC9CE8515A9}.Debug|Win32.Build.0 = Debug|Win32
		{5BB64F2E-AB1E-4BAC-AFA4-3EC9CE8515A9}.Debug|Win32.Deploy.0 = Debug|Win32
		{5BB64F2E-AB1E-4BAC-AFA4-3EC9CE8515A9}.Debug|x64.ActiveCfg = Debug|x64
		{5BB64F2E-AB1E-4BAC-AFA4-3EC9CE8515A9}.Debug|x64.Build.0 = Debug|x64
		{5BB64F2E-AB1E-4BAC-AFA4-3EC9CE8515A9}.Debug|x64.Deploy.0 = Debug|x64
		{5BB64F2E-AB1E-4BAC-AFA4-3EC9CE8515A9}.Release|Win32.ActiveCfg = Release|Win32
		{5BB64F2E-AB1E-4BAC-AFA4-3EC9CE8515A9}.Release|Win32.Build.0 = Release|Win32
		{5BB64F2E-AB1E-4BAC-AFA4-3EC9CE8515A9}.Release|Win32.Deploy.0 = Release|Win32
		{5BB64F2E-AB1E-4BAC-AFA4-3EC9CE8515A9}.Release|x64.ActiveCfg = Release|x64
		{5BB64F2E-AB1E-4BAC-AFA4-3EC9CE8515A9}.Release|x64.Build.0 = Release|x64
		{5BB64F2E-AB1E-4BAC-AFA4-3EC9CE8515A9}.Release|x64.Deploy.0 = Release|x64
		{DBEEE213-59E9-4849-9586-CD7F91059722}.Debug|Win32.ActiveCfg = Debug|Win32
		{DBEEE213-59E9-4849-9586-CD7F91059722}.Debug|Win32.Build.0 = Debug|Win32
		{DBEEE213-59E9-4849-9586-CD7F91059722}.Debug|Win32.Deploy.0 = Debug|Win32
		{DBEEE213-59E9-4849-9586-CD7F91059722}.Debug|x64.ActiveCfg = Debug|x64
		{DBEEE213-59E9-4849-9586-CD7F91059722}.Debug|x64.Build.0 = Debug|x64
		{DBEEE213-59E9-4849-9586-CD7F91059722}.Debug|x64.Deploy.0 = Debug|x64
		{DBEEE213-59E9-4849-9586-CD7F91059722}.Release|Win32.ActiveCfg = Release|Win32
		{DBEEE213-59E9-4849-9586-CD7F91059722}.Release|Win32.Build.0 = Release|Win32
		{DBEEE213-59E9-4849-9586-CD7F91059722}.Release|Win32.Deploy.0 = Release|Win32
		{DBEEE213-59E9-4849-9586-CD7F91059722}.Release|x64.ActiveCfg = Release|x64
		{DBEEE213-59E9-4849-9586-CD7F91059722}.Release|x64.Build.0 = Release|x64
		{DBEEE213-59E9-4849-9586-CD7F91059722}.Release|x64.Deploy.0 = Release|x64
		{CDD73625-77A8-42D9-ABCA-32951D9B7607}.Debug|Win32.ActiveCfg = Debug|Win32
		{CDD73625-77A8-42D9-ABCA-32951D9B7607}.Debug|Win32.Build.0 = Debug|Win32
		{CDD73625-77A8-42D9-ABCA-32951D9B7607}.Debug|Win32.Deploy.0 = Debug|Win32
		{CDD73625-77A8-42D9-ABCA-32951D9B7607}.Debug|x64.ActiveCfg = Debug|x64
		{CDD73625-77A8-42D9-ABCA-32951D9B7607}.Debug|x64.Build.0 = Debug|x64
		{CDD73625-77A8-42D9-ABCA-32951D9B7607}.Debug|x64.Deploy.0 = Debug|x64
		{CDD73625-77A8-42D9-ABCA-32951D9B7607}.Release|Win32.ActiveCfg = Release|Win32
		{CDD73625-77A8-42D9-ABCA-32951D9B7607}.Release|Win32.Build.0 = Release|Win32
		{CDD73625-77A8-42D9-ABCA-32951D9B7607}.Release|Win32.Deploy.0 = Release|Win32
		{CDD73625-77A8-42D9-ABCA-32951D9B7607}.Release|x64.ActiveCfg = Release|x64
		{CDD73625-77A8-42D9-ABCA-32951D9B7607}.Release|x64.Build.0 = Release|x64
		{CDD73625-77A8-42D9-ABCA-32951D9B7607}.Release|x64.Deploy.0 = Release|x64
		{F1AA6784-BF89-4CEE-8E38-E2C46A4F358D}.Debug|Win32.ActiveCfg = Debug|Win32
		{F1AA6784-BF89-4CEE-8E38-E2C46A4F358D}.Debug|Win32.Build.0 = Debug|Win32
		{F1AA6784-BF89-4CEE-8E38-E2C46A4F358D}.Debug|Win32.Deploy.0 = Debug|Win32
		{F1AA6784-BF89-4CEE-8E38-E2C46A4F358D}.Debug|x64.ActiveCfg = Debug|x64
		{F1AA6784-BF89-4CEE-8E38-E2C46A4F358D}.Debug|x64.Build.0 = Debug|x64
		{F1AA6784-BF89-4CEE-8E38-E2C46A4F358D}.Debug|x64.Deploy.0 = Debug|x64
		{F1AA6784-BF89-4CEE-8E38-E2C46A4F358D}.Release|Win32.ActiveCfg = Release|Win32
		{F1AA6784-BF89-4CEE-8E38-E2C46A4F358D}.Release|Win32.Build.0 = Release|Win32
		{F1AA6784-BF89-4CEE-8E38-E2C46A4F358D}.Release|Win32.Deploy.0 = Release|Win32
		{F1AA6784-BF89-4CEE-8E38-E2C46A4F358D}.Release|x64.ActiveCfg = Release|x64
		{F1AA6784-BF89-4CEE-8E38-E2C46A4F358D}.Release|x64.Build.0 = Release|x64
		{F1AA6784-BF89-4CEE-8E38-E2C46A4F358D}.Release|x64.Deploy.0 = Release|x64
		{6B1C7D7E-AD04-449E-8E00-2A0E3F1CB333}.Debug|Win32.ActiveCfg = Debug|Win32
		{6B1C7D7E-AD04-449E-8E00-2A0E3F1CB333}.Debug|Win32.Build.0 = Debug|Win32
		{6B1C7D7E-AD04-449E-8E00-2A0E3F1CB333}.Debug|Win32.Deploy.0 = Debug|Win32
		{6B1C7D7E-AD04-449E-8E00-2A0E3F1CB333}.Debug|x64.ActiveCfg = Debug|x64
		{6B1C7D7E-AD04-449E-8E00-2A0E3F1CB333}.Debug|x64.Build.0 = Debug|x64
		{6B1C7D7E-AD04-449E-8E00-2A0E3F1CB333}.Debug|x64.Deploy.0 = Debug|x64
		{6B1C7D7E-AD04-449E-8E00-2A0E3F1CB333}.Release|Win32.ActiveCfg = Release|Win32
		{6B1C7D7E-AD04-449E-8E00-2A0E3F1CB333}.Release|Win32.Build.0 = Release|Win32
		{6B1C7D7E-AD04-449E-8E00-2A0E3F1CB333}.Release|Win32.Deploy.0 = Release|Win32
		{6B1C7D7E-AD04-449E-8E00-2A0E3F1CB333}.Release|x64.ActiveCfg = Release|x64
		{6B1C7D7E-AD04-449E-8E00-2A0E3F1CB333}.Release|x64.Build.0 = Release|x64
		{6B1C7D7E-AD04-449E-8E00-2A0E3F1CB333}.Release|x64.Deploy.0 = Release|x64
	EndGlobalSection
	GlobalSection(SolutionProperties) = preSolution
		HideSolutionNode = FALSE
	EndGlobalSection
EndGlobal
